
Microsoft Visual Studio Solution File, Format Version 12.00
# Visual Studio Version 17
VisualStudioVersion = 17.13.35818.85
MinimumVisualStudioVersion = 10.0.40219.1
Project("{FAE04EC0-301F-11D3-BF4B-00C04F79EFBC}") = "BlazMapper.Console", "BlazMapper.Console\BlazMapper.Console.csproj", "{DECB899E-CDD6-4344-AA9F-0846003DEC68}"
EndProject
Project("{FAE04EC0-301F-11D3-BF4B-00C04F79EFBC}") = "BlazMapper", "BlazMapper\BlazMapper.csproj", "{A31CA6B2-306C-4685-A0C3-1421257FA0C2}"
EndProject
Project("{2150E333-8FDC-42A3-9474-1A3956D46DE8}") = "SolutionFiles", "SolutionFiles", "{02EA681E-C7D8-13C7-8484-4AC65E1B71E8}"
	ProjectSection(SolutionItems) = preProject
		.gitignore = .gitignore
		LICENSE = LICENSE
		README.md = README.md
	EndProjectSection
EndProject
Project("{FAE04EC0-301F-11D3-BF4B-00C04F79EFBC}") = "BlazMapper.Tests", "BlazMapper.Tests\BlazMapper.Tests.csproj", "{AABD769E-3CF2-4631-A00C-C10927E6B740}"
EndProject
Project("{FAE04EC0-301F-11D3-BF4B-00C04F79EFBC}") = "BlazMapper.DomainBase", "BlazMapper.DomainBase\BlazMapper.DomainBase.csproj", "{DA289094-63C7-4A8D-BDCA-971D3DD7A47C}"
EndProject
Project("{FAE04EC0-301F-11D3-BF4B-00C04F79EFBC}") = "BlazMapper.DomainSample", "BlazMapper.DomainSample\BlazMapper.DomainSample.csproj", "{46159C2E-DA33-421A-9DEB-0F6C67C9F46D}"
EndProject
Global
	GlobalSection(SolutionConfigurationPlatforms) = preSolution
		Debug|Any CPU = Debug|Any CPU
		Release|Any CPU = Release|Any CPU
	EndGlobalSection
	GlobalSection(ProjectConfigurationPlatforms) = postSolution
		{DECB899E-CDD6-4344-AA9F-0846003DEC68}.Debug|Any CPU.ActiveCfg = Debug|Any CPU
		{DECB899E-CDD6-4344-AA9F-0846003DEC68}.Debug|Any CPU.Build.0 = Debug|Any CPU
		{DECB899E-CDD6-4344-AA9F-0846003DEC68}.Release|Any CPU.ActiveCfg = Release|Any CPU
		{DECB899E-CDD6-4344-AA9F-0846003DEC68}.Release|Any CPU.Build.0 = Release|Any CPU
		{A31CA6B2-306C-4685-A0C3-1421257FA0C2}.Debug|Any CPU.ActiveCfg = Debug|Any CPU
		{A31CA6B2-306C-4685-A0C3-1421257FA0C2}.Debug|Any CPU.Build.0 = Debug|Any CPU
		{A31CA6B2-306C-4685-A0C3-1421257FA0C2}.Release|Any CPU.ActiveCfg = Release|Any CPU
		{A31CA6B2-306C-4685-A0C3-1421257FA0C2}.Release|Any CPU.Build.0 = Release|Any CPU
		{AABD769E-3CF2-4631-A00C-C10927E6B740}.Debug|Any CPU.ActiveCfg = Debug|Any CPU
		{AABD769E-3CF2-4631-A00C-C10927E6B740}.Debug|Any CPU.Build.0 = Debug|Any CPU
		{AABD769E-3CF2-4631-A00C-C10927E6B740}.Release|Any CPU.ActiveCfg = Release|Any CPU
		{AABD769E-3CF2-4631-A00C-C10927E6B740}.Release|Any CPU.Build.0 = Release|Any CPU
		{DA289094-63C7-4A8D-BDCA-971D3DD7A47C}.Debug|Any CPU.ActiveCfg = Debug|Any CPU
		{DA289094-63C7-4A8D-BDCA-971D3DD7A47C}.Debug|Any CPU.Build.0 = Debug|Any CPU
		{DA289094-63C7-4A8D-BDCA-971D3DD7A47C}.Release|Any CPU.ActiveCfg = Release|Any CPU
		{DA289094-63C7-4A8D-BDCA-971D3DD7A47C}.Release|Any CPU.Build.0 = Release|Any CPU
		{46159C2E-DA33-421A-9DEB-0F6C67C9F46D}.Debug|Any CPU.ActiveCfg = Debug|Any CPU
		{46159C2E-DA33-421A-9DEB-0F6C67C9F46D}.Debug|Any CPU.Build.0 = Debug|Any CPU
		{46159C2E-DA33-421A-9DEB-0F6C67C9F46D}.Release|Any CPU.ActiveCfg = Release|Any CPU
		{46159C2E-DA33-421A-9DEB-0F6C67C9F46D}.Release|Any CPU.Build.0 = Release|Any CPU
	EndGlobalSection
	GlobalSection(SolutionProperties) = preSolution
		HideSolutionNode = FALSE
	EndGlobalSection
	GlobalSection(ExtensibilityGlobals) = postSolution
		SolutionGuid = {C15C71F3-0002-4162-9717-470EDD3A51F9}
	EndGlobalSection
EndGlobal
